// !$*UTF8*$!
{
	archiveVersion = 1;
	classes = {
	};
	objectVersion = 46;
	objects = {

/* Begin PBXBuildFile section */
		D4AF6EA31BC1C9F20005FA0E /* main.m in Sources */ = {isa = PBXBuildFile; fileRef = D4AF6EA21BC1C9F20005FA0E /* main.m */; };
		D4AF6EA61BC1C9F20005FA0E /* AppDelegate.m in Sources */ = {isa = PBXBuildFile; fileRef = D4AF6EA51BC1C9F20005FA0E /* AppDelegate.m */; };
		D4AF6EA91BC1C9F20005FA0E /* ViewController.m in Sources */ = {isa = PBXBuildFile; fileRef = D4AF6EA81BC1C9F20005FA0E /* ViewController.m */; };
		D4AF6EAC1BC1C9F20005FA0E /* Main.storyboard in Resources */ = {isa = PBXBuildFile; fileRef = D4AF6EAA1BC1C9F20005FA0E /* Main.storyboard */; };
		D4AF6EAE1BC1C9F20005FA0E /* Images.xcassets in Resources */ = {isa = PBXBuildFile; fileRef = D4AF6EAD1BC1C9F20005FA0E /* Images.xcassets */; };
		D4AF6EB11BC1C9F20005FA0E /* LaunchScreen.xib in Resources */ = {isa = PBXBuildFile; fileRef = D4AF6EAF1BC1C9F20005FA0E /* LaunchScreen.xib */; };
		D4AF6EBD1BC1C9F20005FA0E /* AlcolatorTests.m in Sources */ = {isa = PBXBuildFile; fileRef = D4AF6EBC1BC1C9F20005FA0E /* AlcolatorTests.m */; };
		D4AF6EC81BC21A1F0005FA0E /* WhiskeyViewController.m in Sources */ = {isa = PBXBuildFile; fileRef = D4AF6EC71BC21A1F0005FA0E /* WhiskeyViewController.m */; };
/* End PBXBuildFile section */

/* Begin PBXContainerItemProxy section */
		D4AF6EB71BC1C9F20005FA0E /* PBXContainerItemProxy */ = {
			isa = PBXContainerItemProxy;
			containerPortal = D4AF6E951BC1C9F10005FA0E /* Project object */;
			proxyType = 1;
			remoteGlobalIDString = D4AF6E9C1BC1C9F10005FA0E;
			remoteInfo = Alcolator;
		};
/* End PBXContainerItemProxy section */

/* Begin PBXFileReference section */
		D4AF6E9D1BC1C9F20005FA0E /* Alcolator.app */ = {isa = PBXFileReference; explicitFileType = wrapper.application; includeInIndex = 0; path = Alcolator.app; sourceTree = BUILT_PRODUCTS_DIR; };
		D4AF6EA11BC1C9F20005FA0E /* Info.plist */ = {isa = PBXFileReference; lastKnownFileType = text.plist.xml; path = Info.plist; sourceTree = "<group>"; };
		D4AF6EA21BC1C9F20005FA0E /* main.m */ = {isa = PBXFileReference; lastKnownFileType = sourcecode.c.objc; path = main.m; sourceTree = "<group>"; };
		D4AF6EA41BC1C9F20005FA0E /* AppDelegate.h */ = {isa = PBXFileReference; lastKnownFileType = sourcecode.c.h; path = AppDelegate.h; sourceTree = "<group>"; };
		D4AF6EA51BC1C9F20005FA0E /* AppDelegate.m */ = {isa = PBXFileReference; lastKnownFileType = sourcecode.c.objc; path = AppDelegate.m; sourceTree = "<group>"; };
		D4AF6EA71BC1C9F20005FA0E /* ViewController.h */ = {isa = PBXFileReference; lastKnownFileType = sourcecode.c.h; path = ViewController.h; sourceTree = "<group>"; };
		D4AF6EA81BC1C9F20005FA0E /* ViewController.m */ = {isa = PBXFileReference; lastKnownFileType = sourcecode.c.objc; path = ViewController.m; sourceTree = "<group>"; };
		D4AF6EAB1BC1C9F20005FA0E /* Base */ = {isa = PBXFileReference; lastKnownFileType = file.storyboard; name = Base; path = Base.lproj/Main.storyboard; sourceTree = "<group>"; };
		D4AF6EAD1BC1C9F20005FA0E /* Images.xcassets */ = {isa = PBXFileReference; lastKnownFileType = folder.assetcatalog; path = Images.xcassets; sourceTree = "<group>"; };
		D4AF6EB01BC1C9F20005FA0E /* Base */ = {isa = PBXFileReference; lastKnownFileType = file.xib; name = Base; path = Base.lproj/LaunchScreen.xib; sourceTree = "<group>"; };
		D4AF6EB61BC1C9F20005FA0E /* AlcolatorTests.xctest */ = {isa = PBXFileReference; explicitFileType = wrapper.cfbundle; includeInIndex = 0; path = AlcolatorTests.xctest; sourceTree = BUILT_PRODUCTS_DIR; };
		D4AF6EBB1BC1C9F20005FA0E /* Info.plist */ = {isa = PBXFileReference; lastKnownFileType = text.plist.xml; path = Info.plist; sourceTree = "<group>"; };
		D4AF6EBC1BC1C9F20005FA0E /* AlcolatorTests.m */ = {isa = PBXFileReference; lastKnownFileType = sourcecode.c.objc; path = AlcolatorTests.m; sourceTree = "<group>"; };
		D4AF6EC61BC21A1F0005FA0E /* WhiskeyViewController.h */ = {isa = PBXFileReference; fileEncoding = 4; lastKnownFileType = sourcecode.c.h; path = WhiskeyViewController.h; sourceTree = "<group>"; };
		D4AF6EC71BC21A1F0005FA0E /* WhiskeyViewController.m */ = {isa = PBXFileReference; fileEncoding = 4; lastKnownFileType = sourcecode.c.objc; path = WhiskeyViewController.m; sourceTree = "<group>"; };
/* End PBXFileReference section */

/* Begin PBXFrameworksBuildPhase section */
		D4AF6E9A1BC1C9F10005FA0E /* Frameworks */ = {
			isa = PBXFrameworksBuildPhase;
			buildActionMask = 2147483647;
			files = (
			);
			runOnlyForDeploymentPostprocessing = 0;
		};
		D4AF6EB31BC1C9F20005FA0E /* Frameworks */ = {
			isa = PBXFrameworksBuildPhase;
			buildActionMask = 2147483647;
			files = (
			);
			runOnlyForDeploymentPostprocessing = 0;
		};
/* End PBXFrameworksBuildPhase section */

/* Begin PBXGroup section */
		D4AF6E941BC1C9F10005FA0E = {
			isa = PBXGroup;
			children = (
				D4AF6E9F1BC1C9F20005FA0E /* Alcolator */,
				D4AF6EB91BC1C9F20005FA0E /* AlcolatorTests */,
				D4AF6E9E1BC1C9F20005FA0E /* Products */,
			);
			sourceTree = "<group>";
		};
		D4AF6E9E1BC1C9F20005FA0E /* Products */ = {
			isa = PBXGroup;
			children = (
				D4AF6E9D1BC1C9F20005FA0E /* Alcolator.app */,
				D4AF6EB61BC1C9F20005FA0E /* AlcolatorTests.xctest */,
			);
			name = Products;
			sourceTree = "<group>";
		};
		D4AF6E9F1BC1C9F20005FA0E /* Alcolator */ = {
			isa = PBXGroup;
			children = (
				D4AF6EA41BC1C9F20005FA0E /* AppDelegate.h */,
				D4AF6EA51BC1C9F20005FA0E /* AppDelegate.m */,
				D4AF6EA71BC1C9F20005FA0E /* ViewController.h */,
				D4AF6EA81BC1C9F20005FA0E /* ViewController.m */,
				D4AF6EC61BC21A1F0005FA0E /* WhiskeyViewController.h */,
				D4AF6EC71BC21A1F0005FA0E /* WhiskeyViewController.m */,
				D4AF6EAA1BC1C9F20005FA0E /* Main.storyboard */,
				D4AF6EAD1BC1C9F20005FA0E /* Images.xcassets */,
				D4AF6EAF1BC1C9F20005FA0E /* LaunchScreen.xib */,
				D4AF6EA01BC1C9F20005FA0E /* Supporting Files */,
			);
			path = Alcolator;
			sourceTree = "<group>";
		};
		D4AF6EA01BC1C9F20005FA0E /* Supporting Files */ = {
			isa = PBXGroup;
			children = (
				D4AF6EA11BC1C9F20005FA0E /* Info.plist */,
				D4AF6EA21BC1C9F20005FA0E /* main.m */,
			);
			name = "Supporting Files";
			sourceTree = "<group>";
		};
		D4AF6EB91BC1C9F20005FA0E /* AlcolatorTests */ = {
			isa = PBXGroup;
			children = (
				D4AF6EBC1BC1C9F20005FA0E /* AlcolatorTests.m */,
				D4AF6EBA1BC1C9F20005FA0E /* Supporting Files */,
			);
			path = AlcolatorTests;
			sourceTree = "<group>";
		};
		D4AF6EBA1BC1C9F20005FA0E /* Supporting Files */ = {
			isa = PBXGroup;
			children = (
				D4AF6EBB1BC1C9F20005FA0E /* Info.plist */,
			);
			name = "Supporting Files";
			sourceTree = "<group>";
		};
/* End PBXGroup section */

/* Begin PBXNativeTarget section */
		D4AF6E9C1BC1C9F10005FA0E /* Alcolator */ = {
			isa = PBXNativeTarget;
			buildConfigurationList = D4AF6EC01BC1C9F20005FA0E /* Build configuration list for PBXNativeTarget "Alcolator" */;
			buildPhases = (
				D4AF6E991BC1C9F10005FA0E /* Sources */,
				D4AF6E9A1BC1C9F10005FA0E /* Frameworks */,
				D4AF6E9B1BC1C9F10005FA0E /* Resources */,
			);
			buildRules = (
			);
			dependencies = (
			);
			name = Alcolator;
			productName = Alcolator;
			productReference = D4AF6E9D1BC1C9F20005FA0E /* Alcolator.app */;
			productType = "com.apple.product-type.application";
		};
		D4AF6EB51BC1C9F20005FA0E /* AlcolatorTests */ = {
			isa = PBXNativeTarget;
			buildConfigurationList = D4AF6EC31BC1C9F20005FA0E /* Build configuration list for PBXNativeTarget "AlcolatorTests" */;
			buildPhases = (
				D4AF6EB21BC1C9F20005FA0E /* Sources */,
				D4AF6EB31BC1C9F20005FA0E /* Frameworks */,
				D4AF6EB41BC1C9F20005FA0E /* Resources */,
			);
			buildRules = (
			);
			dependencies = (
				D4AF6EB81BC1C9F20005FA0E /* PBXTargetDependency */,
			);
			name = AlcolatorTests;
			productName = AlcolatorTests;
			productReference = D4AF6EB61BC1C9F20005FA0E /* AlcolatorTests.xctest */;
			productType = "com.apple.product-type.bundle.unit-test";
		};
/* End PBXNativeTarget section */

/* Begin PBXProject section */
		D4AF6E951BC1C9F10005FA0E /* Project object */ = {
			isa = PBXProject;
			attributes = {
				LastUpgradeCheck = 0610;
				ORGANIZATIONNAME = "Robert von Stange";
				TargetAttributes = {
					D4AF6E9C1BC1C9F10005FA0E = {
						CreatedOnToolsVersion = 6.1.1;
					};
					D4AF6EB51BC1C9F20005FA0E = {
						CreatedOnToolsVersion = 6.1.1;
						TestTargetID = D4AF6E9C1BC1C9F10005FA0E;
					};
				};
			};
			buildConfigurationList = D4AF6E981BC1C9F10005FA0E /* Build configuration list for PBXProject "Alcolator" */;
			compatibilityVersion = "Xcode 3.2";
			developmentRegion = English;
			hasScannedForEncodings = 0;
			knownRegions = (
				en,
				Base,
			);
			mainGroup = D4AF6E941BC1C9F10005FA0E;
			productRefGroup = D4AF6E9E1BC1C9F20005FA0E /* Products */;
			projectDirPath = "";
			projectRoot = "";
			targets = (
				D4AF6E9C1BC1C9F10005FA0E /* Alcolator */,
				D4AF6EB51BC1C9F20005FA0E /* AlcolatorTests */,
			);
		};
/* End PBXProject section */

/* Begin PBXResourcesBuildPhase section */
		D4AF6E9B1BC1C9F10005FA0E /* Resources */ = {
			isa = PBXResourcesBuildPhase;
			buildActionMask = 2147483647;
			files = (
				D4AF6EAC1BC1C9F20005FA0E /* Main.storyboard in Resources */,
				D4AF6EB11BC1C9F20005FA0E /* LaunchScreen.xib in Resources */,
				D4AF6EAE1BC1C9F20005FA0E /* Images.xcassets in Resources */,
			);
			runOnlyForDeploymentPostprocessing = 0;
		};
		D4AF6EB41BC1C9F20005FA0E /* Resources */ = {
			isa = PBXResourcesBuildPhase;
			buildActionMask = 2147483647;
			files = (
			);
			runOnlyForDeploymentPostprocessing = 0;
		};
/* End PBXResourcesBuildPhase section */

/* Begin PBXSourcesBuildPhase section */
		D4AF6E991BC1C9F10005FA0E /* Sources */ = {
			isa = PBXSourcesBuildPhase;
			buildActionMask = 2147483647;
			files = (
				D4AF6EA91BC1C9F20005FA0E /* ViewController.m in Sources */,
				D4AF6EC81BC21A1F0005FA0E /* WhiskeyViewController.m in Sources */,
				D4AF6EA61BC1C9F20005FA0E /* AppDelegate.m in Sources */,
				D4AF6EA31BC1C9F20005FA0E /* main.m in Sources */,
			);
			runOnlyForDeploymentPostprocessing = 0;
		};
		D4AF6EB21BC1C9F20005FA0E /* Sources */ = {
			isa = PBXSourcesBuildPhase;
			buildActionMask = 2147483647;
			files = (
				D4AF6EBD1BC1C9F20005FA0E /* AlcolatorTests.m in Sources */,
			);
			runOnlyForDeploymentPostprocessing = 0;
		};
/* End PBXSourcesBuildPhase section */

/* Begin PBXTargetDependency section */
		D4AF6EB81BC1C9F20005FA0E /* PBXTargetDependency */ = {
			isa = PBXTargetDependency;
			target = D4AF6E9C1BC1C9F10005FA0E /* Alcolator */;
			targetProxy = D4AF6EB71BC1C9F20005FA0E /* PBXContainerItemProxy */;
		};
/* End PBXTargetDependency section */

/* Begin PBXVariantGroup section */
		D4AF6EAA1BC1C9F20005FA0E /* Main.storyboard */ = {
			isa = PBXVariantGroup;
			children = (
				D4AF6EAB1BC1C9F20005FA0E /* Base */,
			);
			name = Main.storyboard;
			sourceTree = "<group>";
		};
		D4AF6EAF1BC1C9F20005FA0E /* LaunchScreen.xib */ = {
			isa = PBXVariantGroup;
			children = (
				D4AF6EB01BC1C9F20005FA0E /* Base */,
			);
			name = LaunchScreen.xib;
			sourceTree = "<group>";
		};
/* End PBXVariantGroup section */

/* Begin XCBuildConfiguration section */
		D4AF6EBE1BC1C9F20005FA0E /* Debug */ = {
			isa = XCBuildConfiguration;
			buildSettings = {
				ALWAYS_SEARCH_USER_PATHS = NO;
				CLANG_CXX_LANGUAGE_STANDARD = "gnu++0x";
				CLANG_CXX_LIBRARY = "libc++";
				CLANG_ENABLE_MODULES = YES;
				CLANG_ENABLE_OBJC_ARC = YES;
				CLANG_WARN_BOOL_CONVERSION = YES;
				CLANG_WARN_CONSTANT_CONVERSION = YES;
				CLANG_WARN_DIRECT_OBJC_ISA_USAGE = YES_ERROR;
				CLANG_WARN_EMPTY_BODY = YES;
				CLANG_WARN_ENUM_CONVERSION = YES;
				CLANG_WARN_INT_CONVERSION = YES;
				CLANG_WARN_OBJC_ROOT_CLASS = YES_ERROR;
				CLANG_WARN_UNREACHABLE_CODE = YES;
				CLANG_WARN__DUPLICATE_METHOD_MATCH = YES;
				"CODE_SIGN_IDENTITY[sdk=iphoneos*]" = "iPhone Developer";
				COPY_PHASE_STRIP = NO;
				ENABLE_STRICT_OBJC_MSGSEND = YES;
				GCC_C_LANGUAGE_STANDARD = gnu99;
				GCC_DYNAMIC_NO_PIC = NO;
				GCC_OPTIMIZATION_LEVEL = 0;
				GCC_PREPROCESSOR_DEFINITIONS = (
					"DEBUG=1",
					"$(inherited)",
				);
				GCC_SYMBOLS_PRIVATE_EXTERN = NO;
				GCC_WARN_64_TO_32_BIT_CONVERSION = YES;
				GCC_WARN_ABOUT_RETURN_TYPE = YES_ERROR;
				GCC_WARN_UNDECLARED_SELECTOR = YES;
				GCC_WARN_UNINITIALIZED_AUTOS = YES_AGGRESSIVE;
				GCC_WARN_UNUSED_FUNCTION = YES;
				GCC_WARN_UNUSED_VARIABLE = YES;
				IPHONEOS_DEPLOYMENT_TARGET = 8.1;
				MTL_ENABLE_DEBUG_INFO = YES;
				ONLY_ACTIVE_ARCH = YES;
				SDKROOT = iphoneos;
			};
			name = Debug;
		};
		D4AF6EBF1BC1C9F20005FA0E /* Release */ = {
			isa = XCBuildConfiguration;
			buildSettings = {
				ALWAYS_SEARCH_USER_PATHS = NO;
				CLANG_CXX_LANGUAGE_STANDARD = "gnu++0x";
				CLANG_CXX_LIBRARY = "libc++";
				CLANG_ENABLE_MODULES = YES;
				CLANG_ENABLE_OBJC_ARC = YES;
				CLANG_WARN_BOOL_CONVERSION = YES;
				CLANG_WARN_CONSTANT_CONVERSION = YES;
				CLANG_WARN_DIRECT_OBJC_ISA_USAGE = YES_ERROR;
				CLANG_WARN_EMPTY_BODY = YES;
				CLANG_WARN_ENUM_CONVERSION = YES;
				CLANG_WARN_INT_CONVERSION = YES;
				CLANG_WARN_OBJC_ROOT_CLASS = YES_ERROR;
				CLANG_WARN_UNREACHABLE_CODE = YES;
				CLANG_WARN__DUPLICATE_METHOD_MATCH = YES;
				"CODE_SIGN_IDENTITY[sdk=iphoneos*]" = "iPhone Developer";
				COPY_PHASE_STRIP = YES;
				ENABLE_NS_ASSERTIONS = NO;
				ENABLE_STRICT_OBJC_MSGSEND = YES;
				GCC_C_LANGUAGE_STANDARD = gnu99;
				GCC_WARN_64_TO_32_BIT_CONVERSION = YES;
				GCC_WARN_ABOUT_RETURN_TYPE = YES_ERROR;
				GCC_WARN_UNDECLARED_SELECTOR = YES;
				GCC_WARN_UNINITIALIZED_AUTOS = YES_AGGRESSIVE;
				GCC_WARN_UNUSED_FUNCTION = YES;
				GCC_WARN_UNUSED_VARIABLE = YES;
				IPHONEOS_DEPLOYMENT_TARGET = 8.1;
				MTL_ENABLE_DEBUG_INFO = NO;
				SDKROOT = iphoneos;
				VALIDATE_PRODUCT = YES;
			};
			name = Release;
		};
		D4AF6EC11BC1C9F20005FA0E /* Debug */ = {
			isa = XCBuildConfiguration;
			buildSettings = {
				ASSETCATALOG_COMPILER_APPICON_NAME = AppIcon;
				INFOPLIST_FILE = Alcolator/Info.plist;
				LD_RUNPATH_SEARCH_PATHS = "$(inherited) @executable_path/Frameworks";
				PRODUCT_NAME = "$(TARGET_NAME)";
			};
			name = Debug;
		};
		D4AF6EC21BC1C9F20005FA0E /* Release */ = {
			isa = XCBuildConfiguration;
			buildSettings = {
				ASSETCATALOG_COMPILER_APPICON_NAME = AppIcon;
				INFOPLIST_FILE = Alcolator/Info.plist;
				LD_RUNPATH_SEARCH_PATHS = "$(inherited) @executable_path/Frameworks";
				PRODUCT_NAME = "$(TARGET_NAME)";
			};
			name = Release;
		};
		D4AF6EC41BC1C9F20005FA0E /* Debug */ = {
			isa = XCBuildConfiguration;
			buildSettings = {
				BUNDLE_LOADER = "$(TEST_HOST)";
				FRAMEWORK_SEARCH_PATHS = (
					"$(SDKROOT)/Developer/Library/Frameworks",
					"$(inherited)",
				);
				GCC_PREPROCESSOR_DEFINITIONS = (
					"DEBUG=1",
					"$(inherited)",
				);
				INFOPLIST_FILE = AlcolatorTests/Info.plist;
				LD_RUNPATH_SEARCH_PATHS = "$(inherited) @executable_path/Frameworks @loader_path/Frameworks";
				PRODUCT_NAME = "$(TARGET_NAME)";
				TEST_HOST = "$(BUILT_PRODUCTS_DIR)/Alcolator.app/Alcolator";
			};
			name = Debug;
		};
		D4AF6EC51BC1C9F20005FA0E /* Release */ = {
			isa = XCBuildConfiguration;
			buildSettings = {
				BUNDLE_LOADER = "$(TEST_HOST)";
				FRAMEWORK_SEARCH_PATHS = (
					"$(SDKROOT)/Developer/Library/Frameworks",
					"$(inherited)",
				);
				INFOPLIST_FILE = AlcolatorTests/Info.plist;
				LD_RUNPATH_SEARCH_PATHS = "$(inherited) @executable_path/Frameworks @loader_path/Frameworks";
				PRODUCT_NAME = "$(TARGET_NAME)";
				TEST_HOST = "$(BUILT_PRODUCTS_DIR)/Alcolator.app/Alcolator";
			};
			name = Release;
		};
/* End XCBuildConfiguration section */

/* Begin XCConfigurationList section */
		D4AF6E981BC1C9F10005FA0E /* Build configuration list for PBXProject "Alcolator" */ = {
			isa = XCConfigurationList;
			buildConfigurations = (
				D4AF6EBE1BC1C9F20005FA0E /* Debug */,
				D4AF6EBF1BC1C9F20005FA0E /* Release */,
			);
			defaultConfigurationIsVisible = 0;
			defaultConfigurationName = Release;
		};
		D4AF6EC01BC1C9F20005FA0E /* Build configuration list for PBXNativeTarget "Alcolator" */ = {
			isa = XCConfigurationList;
			buildConfigurations = (
				D4AF6EC11BC1C9F20005FA0E /* Debug */,
				D4AF6EC21BC1C9F20005FA0E /* Release */,
			);
			defaultConfigurationIsVisible = 0;
		};
		D4AF6EC31BC1C9F20005FA0E /* Build configuration list for PBXNativeTarget "AlcolatorTests" */ = {
			isa = XCConfigurationList;
			buildConfigurations = (
				D4AF6EC41BC1C9F20005FA0E /* Debug */,
				D4AF6EC51BC1C9F20005FA0E /* Release */,
			);
			defaultConfigurationIsVisible = 0;
		};
/* End XCConfigurationList section */
	};
	rootObject = D4AF6E951BC1C9F10005FA0E /* Project object */;
}
